
Microsoft Visual Studio Solution File, Format Version 12.00
# Visual Studio Version 17
VisualStudioVersion = 17.14.36414.22 d17.14
MinimumVisualStudioVersion = 10.0.40219.1
Project("{FAE04EC0-301F-11D3-BF4B-00C04F79EFBC}") = "Agenda", "Agenda\Agenda.csproj", "{8E90F3A5-CDBB-43B2-9B76-FF8A519520B9}"
EndProject
Global
	GlobalSection(SolutionConfigurationPlatforms) = preSolution
		Debug|Any CPU = Debug|Any CPU
		Release|Any CPU = Release|Any CPU
	EndGlobalSection
	GlobalSection(ProjectConfigurationPlatforms) = postSolution
		{8E90F3A5-CDBB-43B2-9B76-FF8A519520B9}.Debug|Any CPU.ActiveCfg = Debug|Any CPU
		{8E90F3A5-CDBB-43B2-9B76-FF8A519520B9}.Debug|Any CPU.Build.0 = Debug|Any CPU
		{8E90F3A5-CDBB-43B2-9B76-FF8A519520B9}.Release|Any CPU.ActiveCfg = Release|Any CPU
		{8E90F3A5-CDBB-43B2-9B76-FF8A519520B9}.Release|Any CPU.Build.0 = Release|Any CPU
	EndGlobalSection
	GlobalSection(SolutionProperties) = preSolution
		HideSolutionNode = FALSE
	EndGlobalSection
	GlobalSection(ExtensibilityGlobals) = postSolution
		SolutionGuid = {A163783D-022A-46B1-9240-BEBD5CB62451}
	EndGlobalSection
EndGlobal
