
Microsoft Visual Studio Solution File, Format Version 12.00
# Visual Studio Version 17
VisualStudioVersion = 17.14.36414.22 d17.14
MinimumVisualStudioVersion = 10.0.40219.1
Project("{FAE04EC0-301F-11D3-BF4B-00C04F79EFBC}") = "GrafikoaDll", "GrafikoaDll\GrafikoaDll.csproj", "{5107003D-D6FE-4805-B39C-C9F2A5F266C4}"
EndProject
Global
	GlobalSection(SolutionConfigurationPlatforms) = preSolution
		Debug|Any CPU = Debug|Any CPU
		Release|Any CPU = Release|Any CPU
	EndGlobalSection
	GlobalSection(ProjectConfigurationPlatforms) = postSolution
		{5107003D-D6FE-4805-B39C-C9F2A5F266C4}.Debug|Any CPU.ActiveCfg = Debug|Any CPU
		{5107003D-D6FE-4805-B39C-C9F2A5F266C4}.Debug|Any CPU.Build.0 = Debug|Any CPU
		{5107003D-D6FE-4805-B39C-C9F2A5F266C4}.Release|Any CPU.ActiveCfg = Release|Any CPU
		{5107003D-D6FE-4805-B39C-C9F2A5F266C4}.Release|Any CPU.Build.0 = Release|Any CPU
	EndGlobalSection
	GlobalSection(SolutionProperties) = preSolution
		HideSolutionNode = FALSE
	EndGlobalSection
	GlobalSection(ExtensibilityGlobals) = postSolution
		SolutionGuid = {D63FDB8E-9B32-49D8-ABC7-4FB8C87736DF}
	EndGlobalSection
EndGlobal
